// !$*UTF8*$!
{
	archiveVersion = 1;
	classes = {
	};
	objectVersion = 50;
	objects = {

/* Begin PBXBuildFile section */
		720D25F12888590C00765C93 /* AppDelegate.swift in Sources */ = {isa = PBXBuildFile; fileRef = 720D25F02888590C00765C93 /* AppDelegate.swift */; };
		720D25F32888590C00765C93 /* SceneDelegate.swift in Sources */ = {isa = PBXBuildFile; fileRef = 720D25F22888590C00765C93 /* SceneDelegate.swift */; };
		720D25F52888590C00765C93 /* CluesViewController.swift in Sources */ = {isa = PBXBuildFile; fileRef = 720D25F42888590C00765C93 /* CluesViewController.swift */; };
		720D25FA2888591B00765C93 /* Assets.xcassets in Resources */ = {isa = PBXBuildFile; fileRef = 720D25F92888591B00765C93 /* Assets.xcassets */; };
		720D260E2888856400765C93 /* Solution.swift in Sources */ = {isa = PBXBuildFile; fileRef = 720D260D2888856400765C93 /* Solution.swift */; };
		725ECF8828BE4B9700704192 /* CluesScreen.swift in Sources */ = {isa = PBXBuildFile; fileRef = 725ECF8728BE4B9700704192 /* CluesScreen.swift */; };
		725ECF9128BE4F4900704192 /* CodeView.swift in Sources */ = {isa = PBXBuildFile; fileRef = 725ECF9028BE4F4900704192 /* CodeView.swift */; };
		725ECFA028BE598D00704192 /* CluesManager.swift in Sources */ = {isa = PBXBuildFile; fileRef = 725ECF9F28BE598D00704192 /* CluesManager.swift */; };
/* End PBXBuildFile section */

/* Begin PBXFileReference section */
		720D25ED2888590C00765C93 /* Challenge3.app */ = {isa = PBXFileReference; explicitFileType = wrapper.application; includeInIndex = 0; path = Challenge3.app; sourceTree = BUILT_PRODUCTS_DIR; };
		720D25F02888590C00765C93 /* AppDelegate.swift */ = {isa = PBXFileReference; lastKnownFileType = sourcecode.swift; path = AppDelegate.swift; sourceTree = "<group>"; };
		720D25F22888590C00765C93 /* SceneDelegate.swift */ = {isa = PBXFileReference; lastKnownFileType = sourcecode.swift; path = SceneDelegate.swift; sourceTree = "<group>"; };
		720D25F42888590C00765C93 /* CluesViewController.swift */ = {isa = PBXFileReference; lastKnownFileType = sourcecode.swift; path = CluesViewController.swift; sourceTree = "<group>"; };
		720D25F92888591B00765C93 /* Assets.xcassets */ = {isa = PBXFileReference; lastKnownFileType = folder.assetcatalog; path = Assets.xcassets; sourceTree = "<group>"; };
		720D25FE2888591B00765C93 /* Info.plist */ = {isa = PBXFileReference; lastKnownFileType = text.plist.xml; path = Info.plist; sourceTree = "<group>"; };
		720D260D2888856400765C93 /* Solution.swift */ = {isa = PBXFileReference; lastKnownFileType = sourcecode.swift; path = Solution.swift; sourceTree = "<group>"; };
		725ECF8728BE4B9700704192 /* CluesScreen.swift */ = {isa = PBXFileReference; lastKnownFileType = sourcecode.swift; path = CluesScreen.swift; sourceTree = "<group>"; };
		725ECF9028BE4F4900704192 /* CodeView.swift */ = {isa = PBXFileReference; lastKnownFileType = sourcecode.swift; path = CodeView.swift; sourceTree = "<group>"; };
		725ECF9F28BE598D00704192 /* CluesManager.swift */ = {isa = PBXFileReference; lastKnownFileType = sourcecode.swift; path = CluesManager.swift; sourceTree = "<group>"; };
/* End PBXFileReference section */

/* Begin PBXFrameworksBuildPhase section */
		720D25EA2888590C00765C93 /* Frameworks */ = {
			isa = PBXFrameworksBuildPhase;
			buildActionMask = 2147483647;
			files = (
			);
			runOnlyForDeploymentPostprocessing = 0;
		};
/* End PBXFrameworksBuildPhase section */

/* Begin PBXGroup section */
		720D25E42888590C00765C93 = {
			isa = PBXGroup;
			children = (
				720D25EF2888590C00765C93 /* Challenge3 */,
				720D25EE2888590C00765C93 /* Products */,
			);
			sourceTree = "<group>";
		};
		720D25EE2888590C00765C93 /* Products */ = {
			isa = PBXGroup;
			children = (
				720D25ED2888590C00765C93 /* Challenge3.app */,
			);
			name = Products;
			sourceTree = "<group>";
		};
		720D25EF2888590C00765C93 /* Challenge3 */ = {
			isa = PBXGroup;
			children = (
				720D25F02888590C00765C93 /* AppDelegate.swift */,
				720D25F22888590C00765C93 /* SceneDelegate.swift */,
				725ECF9528BE4F5C00704192 /* Extensions */,
				725ECF8D28BE4EFB00704192 /* Model */,
				725ECF9928BE543B00704192 /* CluesManager */,
				725ECF8F28BE4F1200704192 /* Controller */,
				725ECF8E28BE4F0B00704192 /* View */,
				720D25F92888591B00765C93 /* Assets.xcassets */,
				720D25FE2888591B00765C93 /* Info.plist */,
			);
			path = Challenge3;
			sourceTree = "<group>";
		};
		725ECF8D28BE4EFB00704192 /* Model */ = {
			isa = PBXGroup;
			children = (
				720D260D2888856400765C93 /* Solution.swift */,
			);
			name = Model;
			sourceTree = "<group>";
		};
		725ECF8E28BE4F0B00704192 /* View */ = {
			isa = PBXGroup;
			children = (
				725ECF8728BE4B9700704192 /* CluesScreen.swift */,
			);
			name = View;
			sourceTree = "<group>";
		};
		725ECF8F28BE4F1200704192 /* Controller */ = {
			isa = PBXGroup;
			children = (
				720D25F42888590C00765C93 /* CluesViewController.swift */,
			);
			name = Controller;
			sourceTree = "<group>";
		};
		725ECF9528BE4F5C00704192 /* Extensions */ = {
			isa = PBXGroup;
			children = (
				725ECF9028BE4F4900704192 /* CodeView.swift */,
			);
			name = Extensions;
			sourceTree = "<group>";
		};
		725ECF9928BE543B00704192 /* CluesManager */ = {
			isa = PBXGroup;
			children = (
				725ECF9F28BE598D00704192 /* CluesManager.swift */,
			);
			name = CluesManager;
			sourceTree = "<group>";
		};
/* End PBXGroup section */

/* Begin PBXNativeTarget section */
		720D25EC2888590C00765C93 /* Challenge3 */ = {
			isa = PBXNativeTarget;
			buildConfigurationList = 720D26012888591B00765C93 /* Build configuration list for PBXNativeTarget "Challenge3" */;
			buildPhases = (
				720D25E92888590C00765C93 /* Sources */,
				720D25EA2888590C00765C93 /* Frameworks */,
				720D25EB2888590C00765C93 /* Resources */,
			);
			buildRules = (
			);
			dependencies = (
			);
			name = Challenge3;
			productName = Challenge3;
			productReference = 720D25ED2888590C00765C93 /* Challenge3.app */;
			productType = "com.apple.product-type.application";
		};
/* End PBXNativeTarget section */

/* Begin PBXProject section */
		720D25E52888590C00765C93 /* Project object */ = {
			isa = PBXProject;
			attributes = {
				LastSwiftUpdateCheck = 1240;
				LastUpgradeCheck = 1240;
				TargetAttributes = {
					720D25EC2888590C00765C93 = {
						CreatedOnToolsVersion = 12.4;
					};
				};
			};
			buildConfigurationList = 720D25E82888590C00765C93 /* Build configuration list for PBXProject "Challenge3" */;
			compatibilityVersion = "Xcode 9.3";
			developmentRegion = en;
			hasScannedForEncodings = 0;
			knownRegions = (
				en,
				Base,
			);
			mainGroup = 720D25E42888590C00765C93;
			productRefGroup = 720D25EE2888590C00765C93 /* Products */;
			projectDirPath = "";
			projectRoot = "";
			targets = (
				720D25EC2888590C00765C93 /* Challenge3 */,
			);
		};
/* End PBXProject section */

/* Begin PBXResourcesBuildPhase section */
		720D25EB2888590C00765C93 /* Resources */ = {
			isa = PBXResourcesBuildPhase;
			buildActionMask = 2147483647;
			files = (
				720D25FA2888591B00765C93 /* Assets.xcassets in Resources */,
			);
			runOnlyForDeploymentPostprocessing = 0;
		};
/* End PBXResourcesBuildPhase section */

/* Begin PBXSourcesBuildPhase section */
		720D25E92888590C00765C93 /* Sources */ = {
			isa = PBXSourcesBuildPhase;
			buildActionMask = 2147483647;
			files = (
				720D25F52888590C00765C93 /* CluesViewController.swift in Sources */,
				720D25F12888590C00765C93 /* AppDelegate.swift in Sources */,
				720D260E2888856400765C93 /* Solution.swift in Sources */,
				725ECFA028BE598D00704192 /* CluesManager.swift in Sources */,
				725ECF9128BE4F4900704192 /* CodeView.swift in Sources */,
				720D25F32888590C00765C93 /* SceneDelegate.swift in Sources */,
				725ECF8828BE4B9700704192 /* CluesScreen.swift in Sources */,
			);
			runOnlyForDeploymentPostprocessing = 0;
		};
/* End PBXSourcesBuildPhase section */

/* Begin XCBuildConfiguration section */
		720D25FF2888591B00765C93 /* Debug */ = {
			isa = XCBuildConfiguration;
			buildSettings = {
				ALWAYS_SEARCH_USER_PATHS = NO;
				CLANG_ANALYZER_NONNULL = YES;
				CLANG_ANALYZER_NUMBER_OBJECT_CONVERSION = YES_AGGRESSIVE;
				CLANG_CXX_LANGUAGE_STANDARD = "gnu++14";
				CLANG_CXX_LIBRARY = "libc++";
				CLANG_ENABLE_MODULES = YES;
				CLANG_ENABLE_OBJC_ARC = YES;
				CLANG_ENABLE_OBJC_WEAK = YES;
				CLANG_WARN_BLOCK_CAPTURE_AUTORELEASING = YES;
				CLANG_WARN_BOOL_CONVERSION = YES;
				CLANG_WARN_COMMA = YES;
				CLANG_WARN_CONSTANT_CONVERSION = YES;
				CLANG_WARN_DEPRECATED_OBJC_IMPLEMENTATIONS = YES;
				CLANG_WARN_DIRECT_OBJC_ISA_USAGE = YES_ERROR;
				CLANG_WARN_DOCUMENTATION_COMMENTS = YES;
				CLANG_WARN_EMPTY_BODY = YES;
				CLANG_WARN_ENUM_CONVERSION = YES;
				CLANG_WARN_INFINITE_RECURSION = YES;
				CLANG_WARN_INT_CONVERSION = YES;
				CLANG_WARN_NON_LITERAL_NULL_CONVERSION = YES;
				CLANG_WARN_OBJC_IMPLICIT_RETAIN_SELF = YES;
				CLANG_WARN_OBJC_LITERAL_CONVERSION = YES;
				CLANG_WARN_OBJC_ROOT_CLASS = YES_ERROR;
				CLANG_WARN_QUOTED_INCLUDE_IN_FRAMEWORK_HEADER = YES;
				CLANG_WARN_RANGE_LOOP_ANALYSIS = YES;
				CLANG_WARN_STRICT_PROTOTYPES = YES;
				CLANG_WARN_SUSPICIOUS_MOVE = YES;
				CLANG_WARN_UNGUARDED_AVAILABILITY = YES_AGGRESSIVE;
				CLANG_WARN_UNREACHABLE_CODE = YES;
				CLANG_WARN__DUPLICATE_METHOD_MATCH = YES;
				COPY_PHASE_STRIP = NO;
				DEBUG_INFORMATION_FORMAT = dwarf;
				ENABLE_STRICT_OBJC_MSGSEND = YES;
				ENABLE_TESTABILITY = YES;
				GCC_C_LANGUAGE_STANDARD = gnu11;
				GCC_DYNAMIC_NO_PIC = NO;
				GCC_NO_COMMON_BLOCKS = YES;
				GCC_OPTIMIZATION_LEVEL = 0;
				GCC_PREPROCESSOR_DEFINITIONS = (
					"DEBUG=1",
					"$(inherited)",
				);
				GCC_WARN_64_TO_32_BIT_CONVERSION = YES;
				GCC_WARN_ABOUT_RETURN_TYPE = YES_ERROR;
				GCC_WARN_UNDECLARED_SELECTOR = YES;
				GCC_WARN_UNINITIALIZED_AUTOS = YES_AGGRESSIVE;
				GCC_WARN_UNUSED_FUNCTION = YES;
				GCC_WARN_UNUSED_VARIABLE = YES;
				IPHONEOS_DEPLOYMENT_TARGET = 14.4;
				MTL_ENABLE_DEBUG_INFO = INCLUDE_SOURCE;
				MTL_FAST_MATH = YES;
				ONLY_ACTIVE_ARCH = YES;
				SDKROOT = iphoneos;
				SWIFT_ACTIVE_COMPILATION_CONDITIONS = DEBUG;
				SWIFT_OPTIMIZATION_LEVEL = "-Onone";
			};
			name = Debug;
		};
		720D26002888591B00765C93 /* Release */ = {
			isa = XCBuildConfiguration;
			buildSettings = {
				ALWAYS_SEARCH_USER_PATHS = NO;
				CLANG_ANALYZER_NONNULL = YES;
				CLANG_ANALYZER_NUMBER_OBJECT_CONVERSION = YES_AGGRESSIVE;
				CLANG_CXX_LANGUAGE_STANDARD = "gnu++14";
				CLANG_CXX_LIBRARY = "libc++";
				CLANG_ENABLE_MODULES = YES;
				CLANG_ENABLE_OBJC_ARC = YES;
				CLANG_ENABLE_OBJC_WEAK = YES;
				CLANG_WARN_BLOCK_CAPTURE_AUTORELEASING = YES;
				CLANG_WARN_BOOL_CONVERSION = YES;
				CLANG_WARN_COMMA = YES;
				CLANG_WARN_CONSTANT_CONVERSION = YES;
				CLANG_WARN_DEPRECATED_OBJC_IMPLEMENTATIONS = YES;
				CLANG_WARN_DIRECT_OBJC_ISA_USAGE = YES_ERROR;
				CLANG_WARN_DOCUMENTATION_COMMENTS = YES;
				CLANG_WARN_EMPTY_BODY = YES;
				CLANG_WARN_ENUM_CONVERSION = YES;
				CLANG_WARN_INFINITE_RECURSION = YES;
				CLANG_WARN_INT_CONVERSION = YES;
				CLANG_WARN_NON_LITERAL_NULL_CONVERSION = YES;
				CLANG_WARN_OBJC_IMPLICIT_RETAIN_SELF = YES;
				CLANG_WARN_OBJC_LITERAL_CONVERSION = YES;
				CLANG_WARN_OBJC_ROOT_CLASS = YES_ERROR;
				CLANG_WARN_QUOTED_INCLUDE_IN_FRAMEWORK_HEADER = YES;
				CLANG_WARN_RANGE_LOOP_ANALYSIS = YES;
				CLANG_WARN_STRICT_PROTOTYPES = YES;
				CLANG_WARN_SUSPICIOUS_MOVE = YES;
				CLANG_WARN_UNGUARDED_AVAILABILITY = YES_AGGRESSIVE;
				CLANG_WARN_UNREACHABLE_CODE = YES;
				CLANG_WARN__DUPLICATE_METHOD_MATCH = YES;
				COPY_PHASE_STRIP = NO;
				DEBUG_INFORMATION_FORMAT = "dwarf-with-dsym";
				ENABLE_NS_ASSERTIONS = NO;
				ENABLE_STRICT_OBJC_MSGSEND = YES;
				GCC_C_LANGUAGE_STANDARD = gnu11;
				GCC_NO_COMMON_BLOCKS = YES;
				GCC_WARN_64_TO_32_BIT_CONVERSION = YES;
				GCC_WARN_ABOUT_RETURN_TYPE = YES_ERROR;
				GCC_WARN_UNDECLARED_SELECTOR = YES;
				GCC_WARN_UNINITIALIZED_AUTOS = YES_AGGRESSIVE;
				GCC_WARN_UNUSED_FUNCTION = YES;
				GCC_WARN_UNUSED_VARIABLE = YES;
				IPHONEOS_DEPLOYMENT_TARGET = 14.4;
				MTL_ENABLE_DEBUG_INFO = NO;
				MTL_FAST_MATH = YES;
				SDKROOT = iphoneos;
				SWIFT_COMPILATION_MODE = wholemodule;
				SWIFT_OPTIMIZATION_LEVEL = "-O";
				VALIDATE_PRODUCT = YES;
			};
			name = Release;
		};
		720D26022888591B00765C93 /* Debug */ = {
			isa = XCBuildConfiguration;
			buildSettings = {
				ASSETCATALOG_COMPILER_APPICON_NAME = AppIcon;
				ASSETCATALOG_COMPILER_GLOBAL_ACCENT_COLOR_NAME = AccentColor;
				CODE_SIGN_STYLE = Automatic;
				DEVELOPMENT_TEAM = GAQ2W7K69R;
				INFOPLIST_FILE = Challenge3/Info.plist;
				LD_RUNPATH_SEARCH_PATHS = (
					"$(inherited)",
					"@executable_path/Frameworks",
				);
				PRODUCT_BUNDLE_IDENTIFIER = cebolnha21.com.Challenge3;
				PRODUCT_NAME = "$(TARGET_NAME)";
				SWIFT_VERSION = 5.0;
				TARGETED_DEVICE_FAMILY = 2;
			};
			name = Debug;
		};
		720D26032888591B00765C93 /* Release */ = {
			isa = XCBuildConfiguration;
			buildSettings = {
				ASSETCATALOG_COMPILER_APPICON_NAME = AppIcon;
				ASSETCATALOG_COMPILER_GLOBAL_ACCENT_COLOR_NAME = AccentColor;
				CODE_SIGN_STYLE = Automatic;
				DEVELOPMENT_TEAM = GAQ2W7K69R;
				INFOPLIST_FILE = Challenge3/Info.plist;
				LD_RUNPATH_SEARCH_PATHS = (
					"$(inherited)",
					"@executable_path/Frameworks",
				);
				PRODUCT_BUNDLE_IDENTIFIER = cebolnha21.com.Challenge3;
				PRODUCT_NAME = "$(TARGET_NAME)";
				SWIFT_VERSION = 5.0;
				TARGETED_DEVICE_FAMILY = 2;
			};
			name = Release;
		};
/* End XCBuildConfiguration section */

/* Begin XCConfigurationList section */
		720D25E82888590C00765C93 /* Build configuration list for PBXProject "Challenge3" */ = {
			isa = XCConfigurationList;
			buildConfigurations = (
				720D25FF2888591B00765C93 /* Debug */,
				720D26002888591B00765C93 /* Release */,
			);
			defaultConfigurationIsVisible = 0;
			defaultConfigurationName = Release;
		};
		720D26012888591B00765C93 /* Build configuration list for PBXNativeTarget "Challenge3" */ = {
			isa = XCConfigurationList;
			buildConfigurations = (
				720D26022888591B00765C93 /* Debug */,
				720D26032888591B00765C93 /* Release */,
			);
			defaultConfigurationIsVisible = 0;
			defaultConfigurationName = Release;
		};
/* End XCConfigurationList section */
	};
	rootObject = 720D25E52888590C00765C93 /* Project object */;
}
